
Microsoft Visual Studio Solution File, Format Version 12.00
# Visual Studio Version 16
VisualStudioVersion = 16.0.28407.52
MinimumVisualStudioVersion = 10.0.40219.1
Project("{FAE04EC0-301F-11D3-BF4B-00C04F79EFBC}") = "Decsys", "app\Decsys\Decsys.csproj", "{DE069FDB-A51E-4B0A-BBAE-666625BDFF60}"
EndProject
Global
	GlobalSection(SolutionConfigurationPlatforms) = preSolution
		Debug|Any CPU = Debug|Any CPU
		Release|Any CPU = Release|Any CPU
	EndGlobalSection
	GlobalSection(ProjectConfigurationPlatforms) = postSolution
		{DE069FDB-A51E-4B0A-BBAE-666625BDFF60}.Debug|Any CPU.ActiveCfg = Debug|Any CPU
		{DE069FDB-A51E-4B0A-BBAE-666625BDFF60}.Debug|Any CPU.Build.0 = Debug|Any CPU
		{DE069FDB-A51E-4B0A-BBAE-666625BDFF60}.Release|Any CPU.ActiveCfg = Release|Any CPU
		{DE069FDB-A51E-4B0A-BBAE-666625BDFF60}.Release|Any CPU.Build.0 = Release|Any CPU
	EndGlobalSection
	GlobalSection(SolutionProperties) = preSolution
		HideSolutionNode = FALSE
	EndGlobalSection
	GlobalSection(ExtensibilityGlobals) = postSolution
		SolutionGuid = {F1B97283-5F09-4629-8F7A-FBC8A14DF01D}
	EndGlobalSection
EndGlobal
